
Microsoft Visual Studio Solution File, Format Version 12.00
# Visual Studio Version 16
VisualStudioVersion = 16.0.30517.126
MinimumVisualStudioVersion = 10.0.40219.1
Project("{FAE04EC0-301F-11D3-BF4B-00C04F79EFBC}") = "betterBot", "betterBot\betterBot.csproj", "{7E561E9A-3F39-449B-875C-DB3947D9DDEC}"
EndProject
Global
	GlobalSection(SolutionConfigurationPlatforms) = preSolution
		Debug|Any CPU = Debug|Any CPU
		Release|Any CPU = Release|Any CPU
	EndGlobalSection
	GlobalSection(ProjectConfigurationPlatforms) = postSolution
		{7E561E9A-3F39-449B-875C-DB3947D9DDEC}.Debug|Any CPU.ActiveCfg = Debug|Any CPU
		{7E561E9A-3F39-449B-875C-DB3947D9DDEC}.Debug|Any CPU.Build.0 = Debug|Any CPU
		{7E561E9A-3F39-449B-875C-DB3947D9DDEC}.Release|Any CPU.ActiveCfg = Release|Any CPU
		{7E561E9A-3F39-449B-875C-DB3947D9DDEC}.Release|Any CPU.Build.0 = Release|Any CPU
	EndGlobalSection
	GlobalSection(SolutionProperties) = preSolution
		HideSolutionNode = FALSE
	EndGlobalSection
	GlobalSection(ExtensibilityGlobals) = postSolution
		SolutionGuid = {A7CC043F-D426-4894-AFAB-BD0936AE2989}
	EndGlobalSection
EndGlobal
